
Microsoft Visual Studio Solution File, Format Version 12.00
# Visual Studio 15
Project("{FAE04EC0-301F-11D3-BF4B-00C04F79EFBC}") = "UnityEngine.TestRunner", "UnityEngine.TestRunner.csproj", "{77FCFB33-1FEC-CADF-B1DF-AB279B589057}"
EndProject
Project("{FAE04EC0-301F-11D3-BF4B-00C04F79EFBC}") = "UnityEngine.UI", "UnityEngine.UI.csproj", "{BCAF60BE-D4BB-9813-EC5C-714467D7E3C2}"
EndProject
Project("{FAE04EC0-301F-11D3-BF4B-00C04F79EFBC}") = "Unity.Timeline", "Unity.Timeline.csproj", "{D1E17674-9601-E292-05E4-B1AD23A44754}"
EndProject
Project("{FAE04EC0-301F-11D3-BF4B-00C04F79EFBC}") = "UnityEngine.Monetization", "UnityEngine.Monetization.csproj", "{4E4A2400-9B47-10A1-AC0B-670883E02AC0}"
EndProject
Project("{FAE04EC0-301F-11D3-BF4B-00C04F79EFBC}") = "Assembly-CSharp", "Assembly-CSharp.csproj", "{991D930B-35E1-0AA3-EC85-40639ADFE325}"
EndProject
Project("{FAE04EC0-301F-11D3-BF4B-00C04F79EFBC}") = "UnityEngine.Advertisements", "UnityEngine.Advertisements.csproj", "{92B1AB15-27D8-13B0-F358-88ADE12ED972}"
EndProject
Project("{FAE04EC0-301F-11D3-BF4B-00C04F79EFBC}") = "Unity.TextMeshPro", "Unity.TextMeshPro.csproj", "{FBECA478-6BF3-7151-084A-40463232C20F}"
EndProject
Project("{FAE04EC0-301F-11D3-BF4B-00C04F79EFBC}") = "UnityEngine.Purchasing", "UnityEngine.Purchasing.csproj", "{E87F5C38-5605-527E-7D91-7BED2901FD7C}"
EndProject
Project("{FAE04EC0-301F-11D3-BF4B-00C04F79EFBC}") = "Unity.Analytics.DataPrivacy", "Unity.Analytics.DataPrivacy.csproj", "{72F7B840-F6F2-71BD-E361-4003E850ADA6}"
EndProject
Project("{FAE04EC0-301F-11D3-BF4B-00C04F79EFBC}") = "Unity.Timeline.Editor", "Unity.Timeline.Editor.csproj", "{CCF2E330-FC5F-941F-BAB5-A74F752C94C3}"
EndProject
Project("{FAE04EC0-301F-11D3-BF4B-00C04F79EFBC}") = "UnityEditor.TestRunner", "UnityEditor.TestRunner.csproj", "{7D40DC79-148F-E94F-1907-68261F952174}"
EndProject
Project("{FAE04EC0-301F-11D3-BF4B-00C04F79EFBC}") = "UnityEditor.UI", "UnityEditor.UI.csproj", "{7B810DCC-B819-7154-737B-FEDAFCCFF44B}"
EndProject
Project("{FAE04EC0-301F-11D3-BF4B-00C04F79EFBC}") = "Unity.VisualStudio.Editor", "Unity.VisualStudio.Editor.csproj", "{B9622175-7F16-6EAA-DE37-E76C0824D080}"
EndProject
Project("{FAE04EC0-301F-11D3-BF4B-00C04F79EFBC}") = "UnityEngine.Advertisements.Editor", "UnityEngine.Advertisements.Editor.csproj", "{5FD69E2C-0A28-5B41-0FE3-2AB440569C0E}"
EndProject
Project("{FAE04EC0-301F-11D3-BF4B-00C04F79EFBC}") = "Unity.TextMeshPro.Editor", "Unity.TextMeshPro.Editor.csproj", "{313C70CE-569B-47B2-D3F8-FFB9F58ACF93}"
EndProject
Project("{FAE04EC0-301F-11D3-BF4B-00C04F79EFBC}") = "Unity.CollabProxy.Editor", "Unity.CollabProxy.Editor.csproj", "{5A85F8C5-7263-5F98-2868-1A590F1674F6}"
EndProject
Project("{FAE04EC0-301F-11D3-BF4B-00C04F79EFBC}") = "Unity.VSCode.Editor", "Unity.VSCode.Editor.csproj", "{AE49DE57-1282-5E94-037F-46915D69F085}"
EndProject
Project("{FAE04EC0-301F-11D3-BF4B-00C04F79EFBC}") = "Unity.Rider.Editor", "Unity.Rider.Editor.csproj", "{D51226F9-6337-FBDB-AC06-227950B04A9E}"
EndProject
Project("{FAE04EC0-301F-11D3-BF4B-00C04F79EFBC}") = "UnityEditor.Purchasing", "UnityEditor.Purchasing.csproj", "{010C53FA-A291-34B1-328D-D54E9CE633AF}"
EndProject
Project("{FAE04EC0-301F-11D3-BF4B-00C04F79EFBC}") = "Analytics", "Analytics.csproj", "{AF11B6F4-FD7E-9E2E-5061-BE6BE00CD867}"
EndProject
Global
	GlobalSection(SolutionConfigurationPlatforms) = preSolution
		Debug|Any CPU = Debug|Any CPU
		Release|Any CPU = Release|Any CPU
	EndGlobalSection
	GlobalSection(ProjectConfigurationPlatforms) = postSolution
		{77FCFB33-1FEC-CADF-B1DF-AB279B589057}.Debug|Any CPU.ActiveCfg = Debug|Any CPU
		{77FCFB33-1FEC-CADF-B1DF-AB279B589057}.Debug|Any CPU.Build.0 = Debug|Any CPU
		{77FCFB33-1FEC-CADF-B1DF-AB279B589057}.Release|Any CPU.ActiveCfg = Release|Any CPU
		{77FCFB33-1FEC-CADF-B1DF-AB279B589057}.Release|Any CPU.Build.0 = Release|Any CPU
		{BCAF60BE-D4BB-9813-EC5C-714467D7E3C2}.Debug|Any CPU.ActiveCfg = Debug|Any CPU
		{BCAF60BE-D4BB-9813-EC5C-714467D7E3C2}.Debug|Any CPU.Build.0 = Debug|Any CPU
		{BCAF60BE-D4BB-9813-EC5C-714467D7E3C2}.Release|Any CPU.ActiveCfg = Release|Any CPU
		{BCAF60BE-D4BB-9813-EC5C-714467D7E3C2}.Release|Any CPU.Build.0 = Release|Any CPU
		{D1E17674-9601-E292-05E4-B1AD23A44754}.Debug|Any CPU.ActiveCfg = Debug|Any CPU
		{D1E17674-9601-E292-05E4-B1AD23A44754}.Debug|Any CPU.Build.0 = Debug|Any CPU
		{D1E17674-9601-E292-05E4-B1AD23A44754}.Release|Any CPU.ActiveCfg = Release|Any CPU
		{D1E17674-9601-E292-05E4-B1AD23A44754}.Release|Any CPU.Build.0 = Release|Any CPU
		{4E4A2400-9B47-10A1-AC0B-670883E02AC0}.Debug|Any CPU.ActiveCfg = Debug|Any CPU
		{4E4A2400-9B47-10A1-AC0B-670883E02AC0}.Debug|Any CPU.Build.0 = Debug|Any CPU
		{4E4A2400-9B47-10A1-AC0B-670883E02AC0}.Release|Any CPU.ActiveCfg = Release|Any CPU
		{4E4A2400-9B47-10A1-AC0B-670883E02AC0}.Release|Any CPU.Build.0 = Release|Any CPU
		{991D930B-35E1-0AA3-EC85-40639ADFE325}.Debug|Any CPU.ActiveCfg = Debug|Any CPU
		{991D930B-35E1-0AA3-EC85-40639ADFE325}.Debug|Any CPU.Build.0 = Debug|Any CPU
		{991D930B-35E1-0AA3-EC85-40639ADFE325}.Release|Any CPU.ActiveCfg = Release|Any CPU
		{991D930B-35E1-0AA3-EC85-40639ADFE325}.Release|Any CPU.Build.0 = Release|Any CPU
		{92B1AB15-27D8-13B0-F358-88ADE12ED972}.Debug|Any CPU.ActiveCfg = Debug|Any CPU
		{92B1AB15-27D8-13B0-F358-88ADE12ED972}.Debug|Any CPU.Build.0 = Debug|Any CPU
		{92B1AB15-27D8-13B0-F358-88ADE12ED972}.Release|Any CPU.ActiveCfg = Release|Any CPU
		{92B1AB15-27D8-13B0-F358-88ADE12ED972}.Release|Any CPU.Build.0 = Release|Any CPU
		{FBECA478-6BF3-7151-084A-40463232C20F}.Debug|Any CPU.ActiveCfg = Debug|Any CPU
		{FBECA478-6BF3-7151-084A-40463232C20F}.Debug|Any CPU.Build.0 = Debug|Any CPU
		{FBECA478-6BF3-7151-084A-40463232C20F}.Release|Any CPU.ActiveCfg = Release|Any CPU
		{FBECA478-6BF3-7151-084A-40463232C20F}.Release|Any CPU.Build.0 = Release|Any CPU
		{E87F5C38-5605-527E-7D91-7BED2901FD7C}.Debug|Any CPU.ActiveCfg = Debug|Any CPU
		{E87F5C38-5605-527E-7D91-7BED2901FD7C}.Debug|Any CPU.Build.0 = Debug|Any CPU
		{E87F5C38-5605-527E-7D91-7BED2901FD7C}.Release|Any CPU.ActiveCfg = Release|Any CPU
		{E87F5C38-5605-527E-7D91-7BED2901FD7C}.Release|Any CPU.Build.0 = Release|Any CPU
		{72F7B840-F6F2-71BD-E361-4003E850ADA6}.Debug|Any CPU.ActiveCfg = Debug|Any CPU
		{72F7B840-F6F2-71BD-E361-4003E850ADA6}.Debug|Any CPU.Build.0 = Debug|Any CPU
		{72F7B840-F6F2-71BD-E361-4003E850ADA6}.Release|Any CPU.ActiveCfg = Release|Any CPU
		{72F7B840-F6F2-71BD-E361-4003E850ADA6}.Release|Any CPU.Build.0 = Release|Any CPU
		{CCF2E330-FC5F-941F-BAB5-A74F752C94C3}.Debug|Any CPU.ActiveCfg = Debug|Any CPU
		{CCF2E330-FC5F-941F-BAB5-A74F752C94C3}.Debug|Any CPU.Build.0 = Debug|Any CPU
		{CCF2E330-FC5F-941F-BAB5-A74F752C94C3}.Release|Any CPU.ActiveCfg = Release|Any CPU
		{CCF2E330-FC5F-941F-BAB5-A74F752C94C3}.Release|Any CPU.Build.0 = Release|Any CPU
		{7D40DC79-148F-E94F-1907-68261F952174}.Debug|Any CPU.ActiveCfg = Debug|Any CPU
		{7D40DC79-148F-E94F-1907-68261F952174}.Debug|Any CPU.Build.0 = Debug|Any CPU
		{7D40DC79-148F-E94F-1907-68261F952174}.Release|Any CPU.ActiveCfg = Release|Any CPU
		{7D40DC79-148F-E94F-1907-68261F952174}.Release|Any CPU.Build.0 = Release|Any CPU
		{7B810DCC-B819-7154-737B-FEDAFCCFF44B}.Debug|Any CPU.ActiveCfg = Debug|Any CPU
		{7B810DCC-B819-7154-737B-FEDAFCCFF44B}.Debug|Any CPU.Build.0 = Debug|Any CPU
		{7B810DCC-B819-7154-737B-FEDAFCCFF44B}.Release|Any CPU.ActiveCfg = Release|Any CPU
		{7B810DCC-B819-7154-737B-FEDAFCCFF44B}.Release|Any CPU.Build.0 = Release|Any CPU
		{B9622175-7F16-6EAA-DE37-E76C0824D080}.Debug|Any CPU.ActiveCfg = Debug|Any CPU
		{B9622175-7F16-6EAA-DE37-E76C0824D080}.Debug|Any CPU.Build.0 = Debug|Any CPU
		{B9622175-7F16-6EAA-DE37-E76C0824D080}.Release|Any CPU.ActiveCfg = Release|Any CPU
		{B9622175-7F16-6EAA-DE37-E76C0824D080}.Release|Any CPU.Build.0 = Release|Any CPU
		{5FD69E2C-0A28-5B41-0FE3-2AB440569C0E}.Debug|Any CPU.ActiveCfg = Debug|Any CPU
		{5FD69E2C-0A28-5B41-0FE3-2AB440569C0E}.Debug|Any CPU.Build.0 = Debug|Any CPU
		{5FD69E2C-0A28-5B41-0FE3-2AB440569C0E}.Release|Any CPU.ActiveCfg = Release|Any CPU
		{5FD69E2C-0A28-5B41-0FE3-2AB440569C0E}.Release|Any CPU.Build.0 = Release|Any CPU
		{313C70CE-569B-47B2-D3F8-FFB9F58ACF93}.Debug|Any CPU.ActiveCfg = Debug|Any CPU
		{313C70CE-569B-47B2-D3F8-FFB9F58ACF93}.Debug|Any CPU.Build.0 = Debug|Any CPU
		{313C70CE-569B-47B2-D3F8-FFB9F58ACF93}.Release|Any CPU.ActiveCfg = Release|Any CPU
		{313C70CE-569B-47B2-D3F8-FFB9F58ACF93}.Release|Any CPU.Build.0 = Release|Any CPU
		{5A85F8C5-7263-5F98-2868-1A590F1674F6}.Debug|Any CPU.ActiveCfg = Debug|Any CPU
		{5A85F8C5-7263-5F98-2868-1A590F1674F6}.Debug|Any CPU.Build.0 = Debug|Any CPU
		{5A85F8C5-7263-5F98-2868-1A590F1674F6}.Release|Any CPU.ActiveCfg = Release|Any CPU
		{5A85F8C5-7263-5F98-2868-1A590F1674F6}.Release|Any CPU.Build.0 = Release|Any CPU
		{AE49DE57-1282-5E94-037F-46915D69F085}.Debug|Any CPU.ActiveCfg = Debug|Any CPU
		{AE49DE57-1282-5E94-037F-46915D69F085}.Debug|Any CPU.Build.0 = Debug|Any CPU
		{AE49DE57-1282-5E94-037F-46915D69F085}.Release|Any CPU.ActiveCfg = Release|Any CPU
		{AE49DE57-1282-5E94-037F-46915D69F085}.Release|Any CPU.Build.0 = Release|Any CPU
		{D51226F9-6337-FBDB-AC06-227950B04A9E}.Debug|Any CPU.ActiveCfg = Debug|Any CPU
		{D51226F9-6337-FBDB-AC06-227950B04A9E}.Debug|Any CPU.Build.0 = Debug|Any CPU
		{D51226F9-6337-FBDB-AC06-227950B04A9E}.Release|Any CPU.ActiveCfg = Release|Any CPU
		{D51226F9-6337-FBDB-AC06-227950B04A9E}.Release|Any CPU.Build.0 = Release|Any CPU
		{010C53FA-A291-34B1-328D-D54E9CE633AF}.Debug|Any CPU.ActiveCfg = Debug|Any CPU
		{010C53FA-A291-34B1-328D-D54E9CE633AF}.Debug|Any CPU.Build.0 = Debug|Any CPU
		{010C53FA-A291-34B1-328D-D54E9CE633AF}.Release|Any CPU.ActiveCfg = Release|Any CPU
		{010C53FA-A291-34B1-328D-D54E9CE633AF}.Release|Any CPU.Build.0 = Release|Any CPU
		{AF11B6F4-FD7E-9E2E-5061-BE6BE00CD867}.Debug|Any CPU.ActiveCfg = Debug|Any CPU
		{AF11B6F4-FD7E-9E2E-5061-BE6BE00CD867}.Debug|Any CPU.Build.0 = Debug|Any CPU
		{AF11B6F4-FD7E-9E2E-5061-BE6BE00CD867}.Release|Any CPU.ActiveCfg = Release|Any CPU
		{AF11B6F4-FD7E-9E2E-5061-BE6BE00CD867}.Release|Any CPU.Build.0 = Release|Any CPU
	EndGlobalSection
	GlobalSection(SolutionProperties) = preSolution
		HideSolutionNode = FALSE
	EndGlobalSection
EndGlobal
